
Microsoft Visual Studio Solution File, Format Version 12.00
# Visual Studio Version 17
VisualStudioVersion = 17.2.32616.157
MinimumVisualStudioVersion = 10.0.40219.1
Project("{2150E333-8FDC-42A3-9474-1A3956D46DE8}") = "Creational", "Creational", "{3EB0D866-7592-4A05-AD39-021090159438}"
EndProject
Project("{2150E333-8FDC-42A3-9474-1A3956D46DE8}") = "Structural", "Structural", "{A711D1DC-C422-4ECC-A078-F8507D837DD1}"
EndProject
Project("{2150E333-8FDC-42A3-9474-1A3956D46DE8}") = "Behavioral", "Behavioral", "{634B3B4E-DAFB-4ED2-B887-8D5657267C0F}"
EndProject
Project("{2150E333-8FDC-42A3-9474-1A3956D46DE8}") = "AbstractFactory", "AbstractFactory", "{0423D98A-9E43-4CB9-80E9-52878EA03FD6}"
EndProject
Project("{9A19103F-16F7-4668-BE54-9A1E7A4F7556}") = "AbstractFactory", "Creational\AbstractFactory\AbstractFactory.csproj", "{9FFFB6CA-E674-4D53-809A-DD1FA8661AC3}"
EndProject
Project("{2150E333-8FDC-42A3-9474-1A3956D46DE8}") = "Builder", "Builder", "{722A5A1C-AE7D-4415-925B-F2B9793DF682}"
EndProject
Project("{9A19103F-16F7-4668-BE54-9A1E7A4F7556}") = "Builder", "Creational\Builder\Builder.csproj", "{47D566F5-EAEE-478A-8DEA-A0C53AB77EBA}"
EndProject
Project("{2150E333-8FDC-42A3-9474-1A3956D46DE8}") = "FactoryMethod", "FactoryMethod", "{2D188208-D332-44B4-8479-69CF7DBF58FA}"
EndProject
Project("{9A19103F-16F7-4668-BE54-9A1E7A4F7556}") = "FactoryMethod", "Creational\FactoryMethod\FactoryMethod.csproj", "{EFA9B494-FD2C-46B4-9FDC-57461BF2C5E2}"
EndProject
Project("{2150E333-8FDC-42A3-9474-1A3956D46DE8}") = "Prototype", "Prototype", "{1077845F-C787-4A8D-B5DF-7BB1C232ED7B}"
EndProject
Project("{9A19103F-16F7-4668-BE54-9A1E7A4F7556}") = "Prototype", "Creational\Prototype\Prototype.csproj", "{B68D5FD6-AF6C-49E2-A0EF-756595156253}"
EndProject
Project("{2150E333-8FDC-42A3-9474-1A3956D46DE8}") = "Singleton", "Singleton", "{C72E09C5-7F72-4B64-B142-E833AE01D0B8}"
EndProject
Project("{9A19103F-16F7-4668-BE54-9A1E7A4F7556}") = "Singleton", "Creational\Singleton\Singleton.csproj", "{40FC0445-84A2-496D-BF59-193B2EAA8E04}"
EndProject
Project("{2150E333-8FDC-42A3-9474-1A3956D46DE8}") = "Adapter", "Adapter", "{720D1AF9-C814-46D1-8BB6-8E23F7279E8D}"
EndProject
Project("{9A19103F-16F7-4668-BE54-9A1E7A4F7556}") = "Adapter", "Structural\Adapter\Adapter.csproj", "{D1CE72FD-0397-47D1-9409-2D8EC7FC7333}"
EndProject
Project("{2150E333-8FDC-42A3-9474-1A3956D46DE8}") = "Bridge", "Bridge", "{F7C8F6AC-3334-4BAB-8E1B-17BB3F65D439}"
EndProject
Project("{9A19103F-16F7-4668-BE54-9A1E7A4F7556}") = "Bridge", "Structural\Bridge\Bridge.csproj", "{A8CA1C4B-7B9C-42C9-BF52-77343C48235C}"
EndProject
Project("{2150E333-8FDC-42A3-9474-1A3956D46DE8}") = "Composite", "Composite", "{E5F4DD06-84F3-42BB-B3FF-5452EF0B7611}"
EndProject
Project("{9A19103F-16F7-4668-BE54-9A1E7A4F7556}") = "Composite", "Structural\Composite\Composite.csproj", "{6D13A8B4-1489-41B7-B401-7ADCAF43268B}"
EndProject
Global
	GlobalSection(SolutionConfigurationPlatforms) = preSolution
		Debug|Any CPU = Debug|Any CPU
		Release|Any CPU = Release|Any CPU
	EndGlobalSection
	GlobalSection(ProjectConfigurationPlatforms) = postSolution
		{9FFFB6CA-E674-4D53-809A-DD1FA8661AC3}.Debug|Any CPU.ActiveCfg = Debug|Any CPU
		{9FFFB6CA-E674-4D53-809A-DD1FA8661AC3}.Debug|Any CPU.Build.0 = Debug|Any CPU
		{9FFFB6CA-E674-4D53-809A-DD1FA8661AC3}.Release|Any CPU.ActiveCfg = Release|Any CPU
		{9FFFB6CA-E674-4D53-809A-DD1FA8661AC3}.Release|Any CPU.Build.0 = Release|Any CPU
		{47D566F5-EAEE-478A-8DEA-A0C53AB77EBA}.Debug|Any CPU.ActiveCfg = Debug|Any CPU
		{47D566F5-EAEE-478A-8DEA-A0C53AB77EBA}.Debug|Any CPU.Build.0 = Debug|Any CPU
		{47D566F5-EAEE-478A-8DEA-A0C53AB77EBA}.Release|Any CPU.ActiveCfg = Release|Any CPU
		{47D566F5-EAEE-478A-8DEA-A0C53AB77EBA}.Release|Any CPU.Build.0 = Release|Any CPU
		{EFA9B494-FD2C-46B4-9FDC-57461BF2C5E2}.Debug|Any CPU.ActiveCfg = Debug|Any CPU
		{EFA9B494-FD2C-46B4-9FDC-57461BF2C5E2}.Debug|Any CPU.Build.0 = Debug|Any CPU
		{EFA9B494-FD2C-46B4-9FDC-57461BF2C5E2}.Release|Any CPU.ActiveCfg = Release|Any CPU
		{EFA9B494-FD2C-46B4-9FDC-57461BF2C5E2}.Release|Any CPU.Build.0 = Release|Any CPU
		{B68D5FD6-AF6C-49E2-A0EF-756595156253}.Debug|Any CPU.ActiveCfg = Debug|Any CPU
		{B68D5FD6-AF6C-49E2-A0EF-756595156253}.Debug|Any CPU.Build.0 = Debug|Any CPU
		{B68D5FD6-AF6C-49E2-A0EF-756595156253}.Release|Any CPU.ActiveCfg = Release|Any CPU
		{B68D5FD6-AF6C-49E2-A0EF-756595156253}.Release|Any CPU.Build.0 = Release|Any CPU
		{40FC0445-84A2-496D-BF59-193B2EAA8E04}.Debug|Any CPU.ActiveCfg = Debug|Any CPU
		{40FC0445-84A2-496D-BF59-193B2EAA8E04}.Debug|Any CPU.Build.0 = Debug|Any CPU
		{40FC0445-84A2-496D-BF59-193B2EAA8E04}.Release|Any CPU.ActiveCfg = Release|Any CPU
		{40FC0445-84A2-496D-BF59-193B2EAA8E04}.Release|Any CPU.Build.0 = Release|Any CPU
		{D1CE72FD-0397-47D1-9409-2D8EC7FC7333}.Debug|Any CPU.ActiveCfg = Debug|Any CPU
		{D1CE72FD-0397-47D1-9409-2D8EC7FC7333}.Debug|Any CPU.Build.0 = Debug|Any CPU
		{D1CE72FD-0397-47D1-9409-2D8EC7FC7333}.Release|Any CPU.ActiveCfg = Release|Any CPU
		{D1CE72FD-0397-47D1-9409-2D8EC7FC7333}.Release|Any CPU.Build.0 = Release|Any CPU
		{A8CA1C4B-7B9C-42C9-BF52-77343C48235C}.Debug|Any CPU.ActiveCfg = Debug|Any CPU
		{A8CA1C4B-7B9C-42C9-BF52-77343C48235C}.Debug|Any CPU.Build.0 = Debug|Any CPU
		{A8CA1C4B-7B9C-42C9-BF52-77343C48235C}.Release|Any CPU.ActiveCfg = Release|Any CPU
		{A8CA1C4B-7B9C-42C9-BF52-77343C48235C}.Release|Any CPU.Build.0 = Release|Any CPU
		{6D13A8B4-1489-41B7-B401-7ADCAF43268B}.Debug|Any CPU.ActiveCfg = Debug|Any CPU
		{6D13A8B4-1489-41B7-B401-7ADCAF43268B}.Debug|Any CPU.Build.0 = Debug|Any CPU
		{6D13A8B4-1489-41B7-B401-7ADCAF43268B}.Release|Any CPU.ActiveCfg = Release|Any CPU
		{6D13A8B4-1489-41B7-B401-7ADCAF43268B}.Release|Any CPU.Build.0 = Release|Any CPU
	EndGlobalSection
	GlobalSection(SolutionProperties) = preSolution
		HideSolutionNode = FALSE
	EndGlobalSection
	GlobalSection(NestedProjects) = preSolution
		{0423D98A-9E43-4CB9-80E9-52878EA03FD6} = {3EB0D866-7592-4A05-AD39-021090159438}
		{9FFFB6CA-E674-4D53-809A-DD1FA8661AC3} = {0423D98A-9E43-4CB9-80E9-52878EA03FD6}
		{722A5A1C-AE7D-4415-925B-F2B9793DF682} = {3EB0D866-7592-4A05-AD39-021090159438}
		{47D566F5-EAEE-478A-8DEA-A0C53AB77EBA} = {722A5A1C-AE7D-4415-925B-F2B9793DF682}
		{2D188208-D332-44B4-8479-69CF7DBF58FA} = {3EB0D866-7592-4A05-AD39-021090159438}
		{EFA9B494-FD2C-46B4-9FDC-57461BF2C5E2} = {2D188208-D332-44B4-8479-69CF7DBF58FA}
		{1077845F-C787-4A8D-B5DF-7BB1C232ED7B} = {3EB0D866-7592-4A05-AD39-021090159438}
		{B68D5FD6-AF6C-49E2-A0EF-756595156253} = {1077845F-C787-4A8D-B5DF-7BB1C232ED7B}
		{C72E09C5-7F72-4B64-B142-E833AE01D0B8} = {3EB0D866-7592-4A05-AD39-021090159438}
		{40FC0445-84A2-496D-BF59-193B2EAA8E04} = {C72E09C5-7F72-4B64-B142-E833AE01D0B8}
		{720D1AF9-C814-46D1-8BB6-8E23F7279E8D} = {A711D1DC-C422-4ECC-A078-F8507D837DD1}
		{D1CE72FD-0397-47D1-9409-2D8EC7FC7333} = {720D1AF9-C814-46D1-8BB6-8E23F7279E8D}
		{F7C8F6AC-3334-4BAB-8E1B-17BB3F65D439} = {A711D1DC-C422-4ECC-A078-F8507D837DD1}
		{A8CA1C4B-7B9C-42C9-BF52-77343C48235C} = {F7C8F6AC-3334-4BAB-8E1B-17BB3F65D439}
		{E5F4DD06-84F3-42BB-B3FF-5452EF0B7611} = {A711D1DC-C422-4ECC-A078-F8507D837DD1}
		{6D13A8B4-1489-41B7-B401-7ADCAF43268B} = {E5F4DD06-84F3-42BB-B3FF-5452EF0B7611}
	EndGlobalSection
	GlobalSection(ExtensibilityGlobals) = postSolution
		SolutionGuid = {B9E40BA8-D5F7-4661-863D-8C287C5E8396}
	EndGlobalSection
EndGlobal
